// !$*UTF8*$!
{
	archiveVersion = 1;
	classes = {
	};
	objectVersion = 46;
	objects = {

/* Begin PBXBuildFile section */
		C7CDE5A7198F5B8E006EB560 /* AppDelegate.swift in Sources */ = {isa = PBXBuildFile; fileRef = C7CDE5A6198F5B8E006EB560 /* AppDelegate.swift */; };
		C7CDE5A9198F5B8E006EB560 /* ViewController.swift in Sources */ = {isa = PBXBuildFile; fileRef = C7CDE5A8198F5B8E006EB560 /* ViewController.swift */; };
		C7CDE5AC198F5B8E006EB560 /* Main.storyboard in Resources */ = {isa = PBXBuildFile; fileRef = C7CDE5AA198F5B8E006EB560 /* Main.storyboard */; };
		C7CDE5AE198F5B8E006EB560 /* Images.xcassets in Resources */ = {isa = PBXBuildFile; fileRef = C7CDE5AD198F5B8E006EB560 /* Images.xcassets */; };
/* End PBXBuildFile section */

/* Begin PBXContainerItemProxy section */
		C7CDE5B4198F5B8E006EB560 /* PBXContainerItemProxy */ = {
			isa = PBXContainerItemProxy;
			containerPortal = C7CDE599198F5B8E006EB560 /* Project object */;
			proxyType = 1;
			remoteGlobalIDString = C7CDE5A0198F5B8E006EB560;
			remoteInfo = NgoaiTe;
		};
/* End PBXContainerItemProxy section */

/* Begin PBXFileReference section */
		C7CDE5A1198F5B8E006EB560 /* NgoaiTe.app */ = {isa = PBXFileReference; explicitFileType = wrapper.application; includeInIndex = 0; path = NgoaiTe.app; sourceTree = BUILT_PRODUCTS_DIR; };
		C7CDE5A5198F5B8E006EB560 /* Info.plist */ = {isa = PBXFileReference; lastKnownFileType = text.plist.xml; path = Info.plist; sourceTree = "<group>"; };
		C7CDE5A6198F5B8E006EB560 /* AppDelegate.swift */ = {isa = PBXFileReference; lastKnownFileType = sourcecode.swift; path = AppDelegate.swift; sourceTree = "<group>"; };
		C7CDE5A8198F5B8E006EB560 /* ViewController.swift */ = {isa = PBXFileReference; lastKnownFileType = sourcecode.swift; path = ViewController.swift; sourceTree = "<group>"; };
		C7CDE5AB198F5B8E006EB560 /* Base */ = {isa = PBXFileReference; lastKnownFileType = file.storyboard; name = Base; path = Base.lproj/Main.storyboard; sourceTree = "<group>"; };
		C7CDE5AD198F5B8E006EB560 /* Images.xcassets */ = {isa = PBXFileReference; lastKnownFileType = folder.assetcatalog; path = Images.xcassets; sourceTree = "<group>"; };
		C7CDE5B3198F5B8E006EB560 /* NgoaiTeTests.xctest */ = {isa = PBXFileReference; explicitFileType = wrapper.cfbundle; includeInIndex = 0; path = NgoaiTeTests.xctest; sourceTree = BUILT_PRODUCTS_DIR; };
/* End PBXFileReference section */

/* Begin PBXFrameworksBuildPhase section */
		C7CDE59E198F5B8E006EB560 /* Frameworks */ = {
			isa = PBXFrameworksBuildPhase;
			buildActionMask = 2147483647;
			files = (
			);
			runOnlyForDeploymentPostprocessing = 0;
		};
		C7CDE5B0198F5B8E006EB560 /* Frameworks */ = {
			isa = PBXFrameworksBuildPhase;
			buildActionMask = 2147483647;
			files = (
			);
			runOnlyForDeploymentPostprocessing = 0;
		};
/* End PBXFrameworksBuildPhase section */

/* Begin PBXGroup section */
		C7CDE598198F5B8E006EB560 = {
			isa = PBXGroup;
			children = (
				C7CDE5A3198F5B8E006EB560 /* NgoaiTe */,
				C7CDE5A2198F5B8E006EB560 /* Products */,
			);
			sourceTree = "<group>";
		};
		C7CDE5A2198F5B8E006EB560 /* Products */ = {
			isa = PBXGroup;
			children = (
				C7CDE5A1198F5B8E006EB560 /* NgoaiTe.app */,
				C7CDE5B3198F5B8E006EB560 /* NgoaiTeTests.xctest */,
			);
			name = Products;
			sourceTree = "<group>";
		};
		C7CDE5A3198F5B8E006EB560 /* NgoaiTe */ = {
			isa = PBXGroup;
			children = (
				C7CDE5A6198F5B8E006EB560 /* AppDelegate.swift */,
				C7CDE5A8198F5B8E006EB560 /* ViewController.swift */,
				C7CDE5AA198F5B8E006EB560 /* Main.storyboard */,
				C7CDE5AD198F5B8E006EB560 /* Images.xcassets */,
				C7CDE5A4198F5B8E006EB560 /* Supporting Files */,
			);
			path = NgoaiTe;
			sourceTree = "<group>";
		};
		C7CDE5A4198F5B8E006EB560 /* Supporting Files */ = {
			isa = PBXGroup;
			children = (
				C7CDE5A5198F5B8E006EB560 /* Info.plist */,
			);
			name = "Supporting Files";
			sourceTree = "<group>";
		};
/* End PBXGroup section */

/* Begin PBXNativeTarget section */
		C7CDE5A0198F5B8E006EB560 /* NgoaiTe */ = {
			isa = PBXNativeTarget;
			buildConfigurationList = C7CDE5BD198F5B8E006EB560 /* Build configuration list for PBXNativeTarget "NgoaiTe" */;
			buildPhases = (
				C7CDE59D198F5B8E006EB560 /* Sources */,
				C7CDE59E198F5B8E006EB560 /* Frameworks */,
				C7CDE59F198F5B8E006EB560 /* Resources */,
			);
			buildRules = (
			);
			dependencies = (
			);
			name = NgoaiTe;
			productName = NgoaiTe;
			productReference = C7CDE5A1198F5B8E006EB560 /* NgoaiTe.app */;
			productType = "com.apple.product-type.application";
		};
		C7CDE5B2198F5B8E006EB560 /* NgoaiTeTests */ = {
			isa = PBXNativeTarget;
			buildConfigurationList = C7CDE5C0198F5B8E006EB560 /* Build configuration list for PBXNativeTarget "NgoaiTeTests" */;
			buildPhases = (
				C7CDE5AF198F5B8E006EB560 /* Sources */,
				C7CDE5B0198F5B8E006EB560 /* Frameworks */,
				C7CDE5B1198F5B8E006EB560 /* Resources */,
			);
			buildRules = (
			);
			dependencies = (
				C7CDE5B5198F5B8E006EB560 /* PBXTargetDependency */,
			);
			name = NgoaiTeTests;
			productName = NgoaiTeTests;
			productReference = C7CDE5B3198F5B8E006EB560 /* NgoaiTeTests.xctest */;
			productType = "com.apple.product-type.bundle.unit-test";
		};
/* End PBXNativeTarget section */

/* Begin PBXProject section */
		C7CDE599198F5B8E006EB560 /* Project object */ = {
			isa = PBXProject;
			attributes = {
				LastUpgradeCheck = 0600;
				ORGANIZATIONNAME = Tam;
				TargetAttributes = {
					C7CDE5A0198F5B8E006EB560 = {
						CreatedOnToolsVersion = 6.0;
					};
					C7CDE5B2198F5B8E006EB560 = {
						CreatedOnToolsVersion = 6.0;
						TestTargetID = C7CDE5A0198F5B8E006EB560;
					};
				};
			};
			buildConfigurationList = C7CDE59C198F5B8E006EB560 /* Build configuration list for PBXProject "NgoaiTe" */;
			compatibilityVersion = "Xcode 3.2";
			developmentRegion = English;
			hasScannedForEncodings = 0;
			knownRegions = (
				en,
				Base,
			);
			mainGroup = C7CDE598198F5B8E006EB560;
			productRefGroup = C7CDE5A2198F5B8E006EB560 /* Products */;
			projectDirPath = "";
			projectRoot = "";
			targets = (
				C7CDE5A0198F5B8E006EB560 /* NgoaiTe */,
				C7CDE5B2198F5B8E006EB560 /* NgoaiTeTests */,
			);
		};
/* End PBXProject section */

/* Begin PBXResourcesBuildPhase section */
		C7CDE59F198F5B8E006EB560 /* Resources */ = {
			isa = PBXResourcesBuildPhase;
			buildActionMask = 2147483647;
			files = (
				C7CDE5AC198F5B8E006EB560 /* Main.storyboard in Resources */,
				C7CDE5AE198F5B8E006EB560 /* Images.xcassets in Resources */,
			);
			runOnlyForDeploymentPostprocessing = 0;
		};
		C7CDE5B1198F5B8E006EB560 /* Resources */ = {
			isa = PBXResourcesBuildPhase;
			buildActionMask = 2147483647;
			files = (
			);
			runOnlyForDeploymentPostprocessing = 0;
		};
/* End PBXResourcesBuildPhase section */

/* Begin PBXSourcesBuildPhase section */
		C7CDE59D198F5B8E006EB560 /* Sources */ = {
			isa = PBXSourcesBuildPhase;
			buildActionMask = 2147483647;
			files = (
				C7CDE5A9198F5B8E006EB560 /* ViewController.swift in Sources */,
				C7CDE5A7198F5B8E006EB560 /* AppDelegate.swift in Sources */,
			);
			runOnlyForDeploymentPostprocessing = 0;
		};
		C7CDE5AF198F5B8E006EB560 /* Sources */ = {
			isa = PBXSourcesBuildPhase;
			buildActionMask = 2147483647;
			files = (
			);
			runOnlyForDeploymentPostprocessing = 0;
		};
/* End PBXSourcesBuildPhase section */

/* Begin PBXTargetDependency section */
		C7CDE5B5198F5B8E006EB560 /* PBXTargetDependency */ = {
			isa = PBXTargetDependency;
			target = C7CDE5A0198F5B8E006EB560 /* NgoaiTe */;
			targetProxy = C7CDE5B4198F5B8E006EB560 /* PBXContainerItemProxy */;
		};
/* End PBXTargetDependency section */

/* Begin PBXVariantGroup section */
		C7CDE5AA198F5B8E006EB560 /* Main.storyboard */ = {
			isa = PBXVariantGroup;
			children = (
				C7CDE5AB198F5B8E006EB560 /* Base */,
			);
			name = Main.storyboard;
			sourceTree = "<group>";
		};
/* End PBXVariantGroup section */

/* Begin XCBuildConfiguration section */
		C7CDE5BB198F5B8E006EB560 /* Debug */ = {
			isa = XCBuildConfiguration;
			buildSettings = {
				ALWAYS_SEARCH_USER_PATHS = NO;
				CLANG_CXX_LANGUAGE_STANDARD = "gnu++0x";
				CLANG_CXX_LIBRARY = "libc++";
				CLANG_ENABLE_MODULES = YES;
				CLANG_ENABLE_OBJC_ARC = YES;
				CLANG_WARN_BOOL_CONVERSION = YES;
				CLANG_WARN_CONSTANT_CONVERSION = YES;
				CLANG_WARN_DIRECT_OBJC_ISA_USAGE = YES_ERROR;
				CLANG_WARN_EMPTY_BODY = YES;
				CLANG_WARN_ENUM_CONVERSION = YES;
				CLANG_WARN_INT_CONVERSION = YES;
				CLANG_WARN_OBJC_ROOT_CLASS = YES_ERROR;
				CLANG_WARN_UNREACHABLE_CODE = YES;
				CLANG_WARN__DUPLICATE_METHOD_MATCH = YES;
				"CODE_SIGN_IDENTITY[sdk=iphoneos*]" = "iPhone Developer";
				COPY_PHASE_STRIP = NO;
				ENABLE_STRICT_OBJC_MSGSEND = YES;
				GCC_C_LANGUAGE_STANDARD = gnu99;
				GCC_DYNAMIC_NO_PIC = NO;
				GCC_OPTIMIZATION_LEVEL = 0;
				GCC_PREPROCESSOR_DEFINITIONS = (
					"DEBUG=1",
					"$(inherited)",
				);
				GCC_SYMBOLS_PRIVATE_EXTERN = NO;
				GCC_WARN_64_TO_32_BIT_CONVERSION = YES;
				GCC_WARN_ABOUT_RETURN_TYPE = YES_ERROR;
				GCC_WARN_UNDECLARED_SELECTOR = YES;
				GCC_WARN_UNINITIALIZED_AUTOS = YES_AGGRESSIVE;
				GCC_WARN_UNUSED_FUNCTION = YES;
				GCC_WARN_UNUSED_VARIABLE = YES;
				IPHONEOS_DEPLOYMENT_TARGET = 8.0;
				MTL_ENABLE_DEBUG_INFO = YES;
				ONLY_ACTIVE_ARCH = YES;
				SDKROOT = iphoneos;
				SWIFT_OPTIMIZATION_LEVEL = "-Onone";
			};
			name = Debug;
		};
		C7CDE5BC198F5B8E006EB560 /* Release */ = {
			isa = XCBuildConfiguration;
			buildSettings = {
				ALWAYS_SEARCH_USER_PATHS = NO;
				CLANG_CXX_LANGUAGE_STANDARD = "gnu++0x";
				CLANG_CXX_LIBRARY = "libc++";
				CLANG_ENABLE_MODULES = YES;
				CLANG_ENABLE_OBJC_ARC = YES;
				CLANG_WARN_BOOL_CONVERSION = YES;
				CLANG_WARN_CONSTANT_CONVERSION = YES;
				CLANG_WARN_DIRECT_OBJC_ISA_USAGE = YES_ERROR;
				CLANG_WARN_EMPTY_BODY = YES;
				CLANG_WARN_ENUM_CONVERSION = YES;
				CLANG_WARN_INT_CONVERSION = YES;
				CLANG_WARN_OBJC_ROOT_CLASS = YES_ERROR;
				CLANG_WARN_UNREACHABLE_CODE = YES;
				CLANG_WARN__DUPLICATE_METHOD_MATCH = YES;
				"CODE_SIGN_IDENTITY[sdk=iphoneos*]" = "iPhone Developer";
				COPY_PHASE_STRIP = YES;
				ENABLE_NS_ASSERTIONS = NO;
				ENABLE_STRICT_OBJC_MSGSEND = YES;
				GCC_C_LANGUAGE_STANDARD = gnu99;
				GCC_WARN_64_TO_32_BIT_CONVERSION = YES;
				GCC_WARN_ABOUT_RETURN_TYPE = YES_ERROR;
				GCC_WARN_UNDECLARED_SELECTOR = YES;
				GCC_WARN_UNINITIALIZED_AUTOS = YES_AGGRESSIVE;
				GCC_WARN_UNUSED_FUNCTION = YES;
				GCC_WARN_UNUSED_VARIABLE = YES;
				IPHONEOS_DEPLOYMENT_TARGET = 8.0;
				MTL_ENABLE_DEBUG_INFO = NO;
				SDKROOT = iphoneos;
				VALIDATE_PRODUCT = YES;
			};
			name = Release;
		};
		C7CDE5BE198F5B8E006EB560 /* Debug */ = {
			isa = XCBuildConfiguration;
			buildSettings = {
				ASSETCATALOG_COMPILER_APPICON_NAME = AppIcon;
				ASSETCATALOG_COMPILER_LAUNCHIMAGE_NAME = LaunchImage;
				INFOPLIST_FILE = NgoaiTe/Info.plist;
				LD_RUNPATH_SEARCH_PATHS = "$(inherited) @executable_path/Frameworks";
				PRODUCT_NAME = "$(TARGET_NAME)";
				TARGETED_DEVICE_FAMILY = 1;
			};
			name = Debug;
		};
		C7CDE5BF198F5B8E006EB560 /* Release */ = {
			isa = XCBuildConfiguration;
			buildSettings = {
				ASSETCATALOG_COMPILER_APPICON_NAME = AppIcon;
				ASSETCATALOG_COMPILER_LAUNCHIMAGE_NAME = LaunchImage;
				INFOPLIST_FILE = NgoaiTe/Info.plist;
				LD_RUNPATH_SEARCH_PATHS = "$(inherited) @executable_path/Frameworks";
				PRODUCT_NAME = "$(TARGET_NAME)";
				TARGETED_DEVICE_FAMILY = 1;
			};
			name = Release;
		};
		C7CDE5C1198F5B8E006EB560 /* Debug */ = {
			isa = XCBuildConfiguration;
			buildSettings = {
				BUNDLE_LOADER = "$(BUILT_PRODUCTS_DIR)/NgoaiTe.app/NgoaiTe";
				FRAMEWORK_SEARCH_PATHS = (
					"$(SDKROOT)/Developer/Library/Frameworks",
					"$(inherited)",
				);
				GCC_PREPROCESSOR_DEFINITIONS = (
					"DEBUG=1",
					"$(inherited)",
				);
				INFOPLIST_FILE = NgoaiTeTests/Info.plist;
				LD_RUNPATH_SEARCH_PATHS = "$(inherited) @executable_path/Frameworks @loader_path/Frameworks";
				PRODUCT_NAME = "$(TARGET_NAME)";
				TEST_HOST = "$(BUNDLE_LOADER)";
			};
			name = Debug;
		};
		C7CDE5C2198F5B8E006EB560 /* Release */ = {
			isa = XCBuildConfiguration;
			buildSettings = {
				BUNDLE_LOADER = "$(BUILT_PRODUCTS_DIR)/NgoaiTe.app/NgoaiTe";
				FRAMEWORK_SEARCH_PATHS = (
					"$(SDKROOT)/Developer/Library/Frameworks",
					"$(inherited)",
				);
				INFOPLIST_FILE = NgoaiTeTests/Info.plist;
				LD_RUNPATH_SEARCH_PATHS = "$(inherited) @executable_path/Frameworks @loader_path/Frameworks";
				PRODUCT_NAME = "$(TARGET_NAME)";
				TEST_HOST = "$(BUNDLE_LOADER)";
			};
			name = Release;
		};
/* End XCBuildConfiguration section */

/* Begin XCConfigurationList section */
		C7CDE59C198F5B8E006EB560 /* Build configuration list for PBXProject "NgoaiTe" */ = {
			isa = XCConfigurationList;
			buildConfigurations = (
				C7CDE5BB198F5B8E006EB560 /* Debug */,
				C7CDE5BC198F5B8E006EB560 /* Release */,
			);
			defaultConfigurationIsVisible = 0;
			defaultConfigurationName = Release;
		};
		C7CDE5BD198F5B8E006EB560 /* Build configuration list for PBXNativeTarget "NgoaiTe" */ = {
			isa = XCConfigurationList;
			buildConfigurations = (
				C7CDE5BE198F5B8E006EB560 /* Debug */,
				C7CDE5BF198F5B8E006EB560 /* Release */,
			);
			defaultConfigurationIsVisible = 0;
			defaultConfigurationName = Release;
		};
		C7CDE5C0198F5B8E006EB560 /* Build configuration list for PBXNativeTarget "NgoaiTeTests" */ = {
			isa = XCConfigurationList;
			buildConfigurations = (
				C7CDE5C1198F5B8E006EB560 /* Debug */,
				C7CDE5C2198F5B8E006EB560 /* Release */,
			);
			defaultConfigurationIsVisible = 0;
			defaultConfigurationName = Release;
		};
/* End XCConfigurationList section */
	};
	rootObject = C7CDE599198F5B8E006EB560 /* Project object */;
}
